
Microsoft Visual Studio Solution File, Format Version 12.00
# Visual Studio Version 17
VisualStudioVersion = 17.1.32210.238
MinimumVisualStudioVersion = 10.0.40219.1
Project("{FAE04EC0-301F-11D3-BF4B-00C04F79EFBC}") = "Exchange-API", "Exchange-API\Exchange-API.csproj", "{C1E5B712-69BD-4633-8AD8-205FC4058BF0}"
EndProject
Global
	GlobalSection(SolutionConfigurationPlatforms) = preSolution
		Debug|Any CPU = Debug|Any CPU
		Release|Any CPU = Release|Any CPU
	EndGlobalSection
	GlobalSection(ProjectConfigurationPlatforms) = postSolution
		{C1E5B712-69BD-4633-8AD8-205FC4058BF0}.Debug|Any CPU.ActiveCfg = Debug|Any CPU
		{C1E5B712-69BD-4633-8AD8-205FC4058BF0}.Debug|Any CPU.Build.0 = Debug|Any CPU
		{C1E5B712-69BD-4633-8AD8-205FC4058BF0}.Release|Any CPU.ActiveCfg = Release|Any CPU
		{C1E5B712-69BD-4633-8AD8-205FC4058BF0}.Release|Any CPU.Build.0 = Release|Any CPU
	EndGlobalSection
	GlobalSection(SolutionProperties) = preSolution
		HideSolutionNode = FALSE
	EndGlobalSection
	GlobalSection(ExtensibilityGlobals) = postSolution
		SolutionGuid = {0F993C0C-DC6E-4E75-AC61-0AB993FD5B5F}
	EndGlobalSection
EndGlobal
